// !$*UTF8*$!
{
	archiveVersion = 1;
	classes = {
	};
	objectVersion = 50;
	objects = {

/* Begin PBXBuildFile section */
		01173213C781747C8641238B /* Pods_Maps.framework in Frameworks */ = {isa = PBXBuildFile; fileRef = 0C8A5C118139C7B68746042D /* Pods_Maps.framework */; };
		CE35483B23D0E9DE00FBA4E7 /* AppDelegate.swift in Sources */ = {isa = PBXBuildFile; fileRef = CE35483A23D0E9DE00FBA4E7 /* AppDelegate.swift */; };
		CE35483D23D0E9DE00FBA4E7 /* SceneDelegate.swift in Sources */ = {isa = PBXBuildFile; fileRef = CE35483C23D0E9DE00FBA4E7 /* SceneDelegate.swift */; };
		CE35483F23D0E9DE00FBA4E7 /* ViewController.swift in Sources */ = {isa = PBXBuildFile; fileRef = CE35483E23D0E9DE00FBA4E7 /* ViewController.swift */; };
		CE35484223D0E9DE00FBA4E7 /* Main.storyboard in Resources */ = {isa = PBXBuildFile; fileRef = CE35484023D0E9DE00FBA4E7 /* Main.storyboard */; };
		CE35484423D0E9DF00FBA4E7 /* Assets.xcassets in Resources */ = {isa = PBXBuildFile; fileRef = CE35484323D0E9DF00FBA4E7 /* Assets.xcassets */; };
		CE35484723D0E9DF00FBA4E7 /* LaunchScreen.storyboard in Resources */ = {isa = PBXBuildFile; fileRef = CE35484523D0E9DF00FBA4E7 /* LaunchScreen.storyboard */; };
		CE35485223D0E9DF00FBA4E7 /* MapsTests.swift in Sources */ = {isa = PBXBuildFile; fileRef = CE35485123D0E9DF00FBA4E7 /* MapsTests.swift */; };
		CE35485D23D0E9DF00FBA4E7 /* MapsUITests.swift in Sources */ = {isa = PBXBuildFile; fileRef = CE35485C23D0E9DF00FBA4E7 /* MapsUITests.swift */; };
		D535053D577BDDA154C68839 /* Pods_Maps_MapsUITests.framework in Frameworks */ = {isa = PBXBuildFile; fileRef = 31D28DE5A2B3D76461215450 /* Pods_Maps_MapsUITests.framework */; };
		E7F2EC8A1879016D2BB02C44 /* Pods_MapsTests.framework in Frameworks */ = {isa = PBXBuildFile; fileRef = EAF6BF2F812F135D520DDCA7 /* Pods_MapsTests.framework */; };
/* End PBXBuildFile section */

/* Begin PBXContainerItemProxy section */
		CE35484E23D0E9DF00FBA4E7 /* PBXContainerItemProxy */ = {
			isa = PBXContainerItemProxy;
			containerPortal = CE35482F23D0E9DE00FBA4E7 /* Project object */;
			proxyType = 1;
			remoteGlobalIDString = CE35483623D0E9DE00FBA4E7;
			remoteInfo = Maps;
		};
		CE35485923D0E9DF00FBA4E7 /* PBXContainerItemProxy */ = {
			isa = PBXContainerItemProxy;
			containerPortal = CE35482F23D0E9DE00FBA4E7 /* Project object */;
			proxyType = 1;
			remoteGlobalIDString = CE35483623D0E9DE00FBA4E7;
			remoteInfo = Maps;
		};
/* End PBXContainerItemProxy section */

/* Begin PBXFileReference section */
		0C8A5C118139C7B68746042D /* Pods_Maps.framework */ = {isa = PBXFileReference; explicitFileType = wrapper.framework; includeInIndex = 0; path = Pods_Maps.framework; sourceTree = BUILT_PRODUCTS_DIR; };
		0CFE98D55E8677394856D6D0 /* Pods-MapsTests.debug.xcconfig */ = {isa = PBXFileReference; includeInIndex = 1; lastKnownFileType = text.xcconfig; name = "Pods-MapsTests.debug.xcconfig"; path = "Target Support Files/Pods-MapsTests/Pods-MapsTests.debug.xcconfig"; sourceTree = "<group>"; };
		166A33084AAAB9124B191512 /* Pods-Maps.debug.xcconfig */ = {isa = PBXFileReference; includeInIndex = 1; lastKnownFileType = text.xcconfig; name = "Pods-Maps.debug.xcconfig"; path = "Target Support Files/Pods-Maps/Pods-Maps.debug.xcconfig"; sourceTree = "<group>"; };
		31D28DE5A2B3D76461215450 /* Pods_Maps_MapsUITests.framework */ = {isa = PBXFileReference; explicitFileType = wrapper.framework; includeInIndex = 0; path = Pods_Maps_MapsUITests.framework; sourceTree = BUILT_PRODUCTS_DIR; };
		4064B2CFB5133C5B09502AD2 /* Pods-MapsTests.release.xcconfig */ = {isa = PBXFileReference; includeInIndex = 1; lastKnownFileType = text.xcconfig; name = "Pods-MapsTests.release.xcconfig"; path = "Target Support Files/Pods-MapsTests/Pods-MapsTests.release.xcconfig"; sourceTree = "<group>"; };
		68F15D367BED7DFACEA6C430 /* Pods-Maps-MapsUITests.release.xcconfig */ = {isa = PBXFileReference; includeInIndex = 1; lastKnownFileType = text.xcconfig; name = "Pods-Maps-MapsUITests.release.xcconfig"; path = "Target Support Files/Pods-Maps-MapsUITests/Pods-Maps-MapsUITests.release.xcconfig"; sourceTree = "<group>"; };
		A01B7A8903DDA34FC0F4C4D0 /* Pods-Maps.release.xcconfig */ = {isa = PBXFileReference; includeInIndex = 1; lastKnownFileType = text.xcconfig; name = "Pods-Maps.release.xcconfig"; path = "Target Support Files/Pods-Maps/Pods-Maps.release.xcconfig"; sourceTree = "<group>"; };
		CE35483723D0E9DE00FBA4E7 /* Maps.app */ = {isa = PBXFileReference; explicitFileType = wrapper.application; includeInIndex = 0; path = Maps.app; sourceTree = BUILT_PRODUCTS_DIR; };
		CE35483A23D0E9DE00FBA4E7 /* AppDelegate.swift */ = {isa = PBXFileReference; lastKnownFileType = sourcecode.swift; path = AppDelegate.swift; sourceTree = "<group>"; };
		CE35483C23D0E9DE00FBA4E7 /* SceneDelegate.swift */ = {isa = PBXFileReference; lastKnownFileType = sourcecode.swift; path = SceneDelegate.swift; sourceTree = "<group>"; };
		CE35483E23D0E9DE00FBA4E7 /* ViewController.swift */ = {isa = PBXFileReference; lastKnownFileType = sourcecode.swift; path = ViewController.swift; sourceTree = "<group>"; };
		CE35484123D0E9DE00FBA4E7 /* Base */ = {isa = PBXFileReference; lastKnownFileType = file.storyboard; name = Base; path = Base.lproj/Main.storyboard; sourceTree = "<group>"; };
		CE35484323D0E9DF00FBA4E7 /* Assets.xcassets */ = {isa = PBXFileReference; lastKnownFileType = folder.assetcatalog; path = Assets.xcassets; sourceTree = "<group>"; };
		CE35484623D0E9DF00FBA4E7 /* Base */ = {isa = PBXFileReference; lastKnownFileType = file.storyboard; name = Base; path = Base.lproj/LaunchScreen.storyboard; sourceTree = "<group>"; };
		CE35484823D0E9DF00FBA4E7 /* Info.plist */ = {isa = PBXFileReference; lastKnownFileType = text.plist.xml; path = Info.plist; sourceTree = "<group>"; };
		CE35484D23D0E9DF00FBA4E7 /* MapsTests.xctest */ = {isa = PBXFileReference; explicitFileType = wrapper.cfbundle; includeInIndex = 0; path = MapsTests.xctest; sourceTree = BUILT_PRODUCTS_DIR; };
		CE35485123D0E9DF00FBA4E7 /* MapsTests.swift */ = {isa = PBXFileReference; lastKnownFileType = sourcecode.swift; path = MapsTests.swift; sourceTree = "<group>"; };
		CE35485323D0E9DF00FBA4E7 /* Info.plist */ = {isa = PBXFileReference; lastKnownFileType = text.plist.xml; path = Info.plist; sourceTree = "<group>"; };
		CE35485823D0E9DF00FBA4E7 /* MapsUITests.xctest */ = {isa = PBXFileReference; explicitFileType = wrapper.cfbundle; includeInIndex = 0; path = MapsUITests.xctest; sourceTree = BUILT_PRODUCTS_DIR; };
		CE35485C23D0E9DF00FBA4E7 /* MapsUITests.swift */ = {isa = PBXFileReference; lastKnownFileType = sourcecode.swift; path = MapsUITests.swift; sourceTree = "<group>"; };
		CE35485E23D0E9DF00FBA4E7 /* Info.plist */ = {isa = PBXFileReference; lastKnownFileType = text.plist.xml; path = Info.plist; sourceTree = "<group>"; };
		CF5B21DFF1DB836DFEF53F6F /* Pods-Maps-MapsUITests.debug.xcconfig */ = {isa = PBXFileReference; includeInIndex = 1; lastKnownFileType = text.xcconfig; name = "Pods-Maps-MapsUITests.debug.xcconfig"; path = "Target Support Files/Pods-Maps-MapsUITests/Pods-Maps-MapsUITests.debug.xcconfig"; sourceTree = "<group>"; };
		EAF6BF2F812F135D520DDCA7 /* Pods_MapsTests.framework */ = {isa = PBXFileReference; explicitFileType = wrapper.framework; includeInIndex = 0; path = Pods_MapsTests.framework; sourceTree = BUILT_PRODUCTS_DIR; };
/* End PBXFileReference section */

/* Begin PBXFrameworksBuildPhase section */
		CE35483423D0E9DE00FBA4E7 /* Frameworks */ = {
			isa = PBXFrameworksBuildPhase;
			buildActionMask = 2147483647;
			files = (
				01173213C781747C8641238B /* Pods_Maps.framework in Frameworks */,
			);
			runOnlyForDeploymentPostprocessing = 0;
		};
		CE35484A23D0E9DF00FBA4E7 /* Frameworks */ = {
			isa = PBXFrameworksBuildPhase;
			buildActionMask = 2147483647;
			files = (
				E7F2EC8A1879016D2BB02C44 /* Pods_MapsTests.framework in Frameworks */,
			);
			runOnlyForDeploymentPostprocessing = 0;
		};
		CE35485523D0E9DF00FBA4E7 /* Frameworks */ = {
			isa = PBXFrameworksBuildPhase;
			buildActionMask = 2147483647;
			files = (
				D535053D577BDDA154C68839 /* Pods_Maps_MapsUITests.framework in Frameworks */,
			);
			runOnlyForDeploymentPostprocessing = 0;
		};
/* End PBXFrameworksBuildPhase section */

/* Begin PBXGroup section */
		81EA532CED761E45EA1ABC54 /* Pods */ = {
			isa = PBXGroup;
			children = (
				166A33084AAAB9124B191512 /* Pods-Maps.debug.xcconfig */,
				A01B7A8903DDA34FC0F4C4D0 /* Pods-Maps.release.xcconfig */,
				CF5B21DFF1DB836DFEF53F6F /* Pods-Maps-MapsUITests.debug.xcconfig */,
				68F15D367BED7DFACEA6C430 /* Pods-Maps-MapsUITests.release.xcconfig */,
				0CFE98D55E8677394856D6D0 /* Pods-MapsTests.debug.xcconfig */,
				4064B2CFB5133C5B09502AD2 /* Pods-MapsTests.release.xcconfig */,
			);
			name = Pods;
			path = Pods;
			sourceTree = "<group>";
		};
		CE35482E23D0E9DE00FBA4E7 = {
			isa = PBXGroup;
			children = (
				CE35483923D0E9DE00FBA4E7 /* Maps */,
				CE35485023D0E9DF00FBA4E7 /* MapsTests */,
				CE35485B23D0E9DF00FBA4E7 /* MapsUITests */,
				CE35483823D0E9DE00FBA4E7 /* Products */,
				81EA532CED761E45EA1ABC54 /* Pods */,
				DF3B1612FAC4A56C09B88DEE /* Frameworks */,
			);
			sourceTree = "<group>";
		};
		CE35483823D0E9DE00FBA4E7 /* Products */ = {
			isa = PBXGroup;
			children = (
				CE35483723D0E9DE00FBA4E7 /* Maps.app */,
				CE35484D23D0E9DF00FBA4E7 /* MapsTests.xctest */,
				CE35485823D0E9DF00FBA4E7 /* MapsUITests.xctest */,
			);
			name = Products;
			sourceTree = "<group>";
		};
		CE35483923D0E9DE00FBA4E7 /* Maps */ = {
			isa = PBXGroup;
			children = (
				CE35483A23D0E9DE00FBA4E7 /* AppDelegate.swift */,
				CE35483C23D0E9DE00FBA4E7 /* SceneDelegate.swift */,
				CE35483E23D0E9DE00FBA4E7 /* ViewController.swift */,
				CE35484023D0E9DE00FBA4E7 /* Main.storyboard */,
				CE35484323D0E9DF00FBA4E7 /* Assets.xcassets */,
				CE35484523D0E9DF00FBA4E7 /* LaunchScreen.storyboard */,
				CE35484823D0E9DF00FBA4E7 /* Info.plist */,
			);
			path = Maps;
			sourceTree = "<group>";
		};
		CE35485023D0E9DF00FBA4E7 /* MapsTests */ = {
			isa = PBXGroup;
			children = (
				CE35485123D0E9DF00FBA4E7 /* MapsTests.swift */,
				CE35485323D0E9DF00FBA4E7 /* Info.plist */,
			);
			path = MapsTests;
			sourceTree = "<group>";
		};
		CE35485B23D0E9DF00FBA4E7 /* MapsUITests */ = {
			isa = PBXGroup;
			children = (
				CE35485C23D0E9DF00FBA4E7 /* MapsUITests.swift */,
				CE35485E23D0E9DF00FBA4E7 /* Info.plist */,
			);
			path = MapsUITests;
			sourceTree = "<group>";
		};
		DF3B1612FAC4A56C09B88DEE /* Frameworks */ = {
			isa = PBXGroup;
			children = (
				0C8A5C118139C7B68746042D /* Pods_Maps.framework */,
				31D28DE5A2B3D76461215450 /* Pods_Maps_MapsUITests.framework */,
				EAF6BF2F812F135D520DDCA7 /* Pods_MapsTests.framework */,
			);
			name = Frameworks;
			sourceTree = "<group>";
		};
/* End PBXGroup section */

/* Begin PBXNativeTarget section */
		CE35483623D0E9DE00FBA4E7 /* Maps */ = {
			isa = PBXNativeTarget;
			buildConfigurationList = CE35486123D0E9DF00FBA4E7 /* Build configuration list for PBXNativeTarget "Maps" */;
			buildPhases = (
				8FEDB5F485A930A3DC7DFD3C /* [CP] Check Pods Manifest.lock */,
				CE35483323D0E9DE00FBA4E7 /* Sources */,
				CE35483423D0E9DE00FBA4E7 /* Frameworks */,
				CE35483523D0E9DE00FBA4E7 /* Resources */,
				F4DCC51CCCFAB6F672B09BC5 /* [CP] Copy Pods Resources */,
			);
			buildRules = (
			);
			dependencies = (
			);
			name = Maps;
			productName = Maps;
			productReference = CE35483723D0E9DE00FBA4E7 /* Maps.app */;
			productType = "com.apple.product-type.application";
		};
		CE35484C23D0E9DF00FBA4E7 /* MapsTests */ = {
			isa = PBXNativeTarget;
			buildConfigurationList = CE35486423D0E9DF00FBA4E7 /* Build configuration list for PBXNativeTarget "MapsTests" */;
			buildPhases = (
				5D1319815437601E1564A15F /* [CP] Check Pods Manifest.lock */,
				CE35484923D0E9DF00FBA4E7 /* Sources */,
				CE35484A23D0E9DF00FBA4E7 /* Frameworks */,
				CE35484B23D0E9DF00FBA4E7 /* Resources */,
			);
			buildRules = (
			);
			dependencies = (
				CE35484F23D0E9DF00FBA4E7 /* PBXTargetDependency */,
			);
			name = MapsTests;
			productName = MapsTests;
			productReference = CE35484D23D0E9DF00FBA4E7 /* MapsTests.xctest */;
			productType = "com.apple.product-type.bundle.unit-test";
		};
		CE35485723D0E9DF00FBA4E7 /* MapsUITests */ = {
			isa = PBXNativeTarget;
			buildConfigurationList = CE35486723D0E9DF00FBA4E7 /* Build configuration list for PBXNativeTarget "MapsUITests" */;
			buildPhases = (
				44AF7FDB7DCF1CC95E5D37C0 /* [CP] Check Pods Manifest.lock */,
				CE35485423D0E9DF00FBA4E7 /* Sources */,
				CE35485523D0E9DF00FBA4E7 /* Frameworks */,
				CE35485623D0E9DF00FBA4E7 /* Resources */,
				9DAF7C9D12D419F610B3AADA /* [CP] Copy Pods Resources */,
			);
			buildRules = (
			);
			dependencies = (
				CE35485A23D0E9DF00FBA4E7 /* PBXTargetDependency */,
			);
			name = MapsUITests;
			productName = MapsUITests;
			productReference = CE35485823D0E9DF00FBA4E7 /* MapsUITests.xctest */;
			productType = "com.apple.product-type.bundle.ui-testing";
		};
/* End PBXNativeTarget section */

/* Begin PBXProject section */
		CE35482F23D0E9DE00FBA4E7 /* Project object */ = {
			isa = PBXProject;
			attributes = {
				LastSwiftUpdateCheck = 1130;
				LastUpgradeCheck = 1130;
				ORGANIZATIONNAME = "sergio-mc";
				TargetAttributes = {
					CE35483623D0E9DE00FBA4E7 = {
						CreatedOnToolsVersion = 11.3;
					};
					CE35484C23D0E9DF00FBA4E7 = {
						CreatedOnToolsVersion = 11.3;
						TestTargetID = CE35483623D0E9DE00FBA4E7;
					};
					CE35485723D0E9DF00FBA4E7 = {
						CreatedOnToolsVersion = 11.3;
						TestTargetID = CE35483623D0E9DE00FBA4E7;
					};
				};
			};
			buildConfigurationList = CE35483223D0E9DE00FBA4E7 /* Build configuration list for PBXProject "Maps" */;
			compatibilityVersion = "Xcode 9.3";
			developmentRegion = en;
			hasScannedForEncodings = 0;
			knownRegions = (
				en,
				Base,
			);
			mainGroup = CE35482E23D0E9DE00FBA4E7;
			productRefGroup = CE35483823D0E9DE00FBA4E7 /* Products */;
			projectDirPath = "";
			projectRoot = "";
			targets = (
				CE35483623D0E9DE00FBA4E7 /* Maps */,
				CE35484C23D0E9DF00FBA4E7 /* MapsTests */,
				CE35485723D0E9DF00FBA4E7 /* MapsUITests */,
			);
		};
/* End PBXProject section */

/* Begin PBXResourcesBuildPhase section */
		CE35483523D0E9DE00FBA4E7 /* Resources */ = {
			isa = PBXResourcesBuildPhase;
			buildActionMask = 2147483647;
			files = (
				CE35484723D0E9DF00FBA4E7 /* LaunchScreen.storyboard in Resources */,
				CE35484423D0E9DF00FBA4E7 /* Assets.xcassets in Resources */,
				CE35484223D0E9DE00FBA4E7 /* Main.storyboard in Resources */,
			);
			runOnlyForDeploymentPostprocessing = 0;
		};
		CE35484B23D0E9DF00FBA4E7 /* Resources */ = {
			isa = PBXResourcesBuildPhase;
			buildActionMask = 2147483647;
			files = (
			);
			runOnlyForDeploymentPostprocessing = 0;
		};
		CE35485623D0E9DF00FBA4E7 /* Resources */ = {
			isa = PBXResourcesBuildPhase;
			buildActionMask = 2147483647;
			files = (
			);
			runOnlyForDeploymentPostprocessing = 0;
		};
/* End PBXResourcesBuildPhase section */

/* Begin PBXShellScriptBuildPhase section */
		44AF7FDB7DCF1CC95E5D37C0 /* [CP] Check Pods Manifest.lock */ = {
			isa = PBXShellScriptBuildPhase;
			buildActionMask = 2147483647;
			files = (
			);
			inputFileListPaths = (
			);
			inputPaths = (
				"${PODS_PODFILE_DIR_PATH}/Podfile.lock",
				"${PODS_ROOT}/Manifest.lock",
			);
			name = "[CP] Check Pods Manifest.lock";
			outputFileListPaths = (
			);
			outputPaths = (
				"$(DERIVED_FILE_DIR)/Pods-Maps-MapsUITests-checkManifestLockResult.txt",
			);
			runOnlyForDeploymentPostprocessing = 0;
			shellPath = /bin/sh;
			shellScript = "diff \"${PODS_PODFILE_DIR_PATH}/Podfile.lock\" \"${PODS_ROOT}/Manifest.lock\" > /dev/null\nif [ $? != 0 ] ; then\n    # print error to STDERR\n    echo \"error: The sandbox is not in sync with the Podfile.lock. Run 'pod install' or update your CocoaPods installation.\" >&2\n    exit 1\nfi\n# This output is used by Xcode 'outputs' to avoid re-running this script phase.\necho \"SUCCESS\" > \"${SCRIPT_OUTPUT_FILE_0}\"\n";
			showEnvVarsInLog = 0;
		};
		5D1319815437601E1564A15F /* [CP] Check Pods Manifest.lock */ = {
			isa = PBXShellScriptBuildPhase;
			buildActionMask = 2147483647;
			files = (
			);
			inputFileListPaths = (
			);
			inputPaths = (
				"${PODS_PODFILE_DIR_PATH}/Podfile.lock",
				"${PODS_ROOT}/Manifest.lock",
			);
			name = "[CP] Check Pods Manifest.lock";
			outputFileListPaths = (
			);
			outputPaths = (
				"$(DERIVED_FILE_DIR)/Pods-MapsTests-checkManifestLockResult.txt",
			);
			runOnlyForDeploymentPostprocessing = 0;
			shellPath = /bin/sh;
			shellScript = "diff \"${PODS_PODFILE_DIR_PATH}/Podfile.lock\" \"${PODS_ROOT}/Manifest.lock\" > /dev/null\nif [ $? != 0 ] ; then\n    # print error to STDERR\n    echo \"error: The sandbox is not in sync with the Podfile.lock. Run 'pod install' or update your CocoaPods installation.\" >&2\n    exit 1\nfi\n# This output is used by Xcode 'outputs' to avoid re-running this script phase.\necho \"SUCCESS\" > \"${SCRIPT_OUTPUT_FILE_0}\"\n";
			showEnvVarsInLog = 0;
		};
		8FEDB5F485A930A3DC7DFD3C /* [CP] Check Pods Manifest.lock */ = {
			isa = PBXShellScriptBuildPhase;
			buildActionMask = 2147483647;
			files = (
			);
			inputFileListPaths = (
			);
			inputPaths = (
				"${PODS_PODFILE_DIR_PATH}/Podfile.lock",
				"${PODS_ROOT}/Manifest.lock",
			);
			name = "[CP] Check Pods Manifest.lock";
			outputFileListPaths = (
			);
			outputPaths = (
				"$(DERIVED_FILE_DIR)/Pods-Maps-checkManifestLockResult.txt",
			);
			runOnlyForDeploymentPostprocessing = 0;
			shellPath = /bin/sh;
			shellScript = "diff \"${PODS_PODFILE_DIR_PATH}/Podfile.lock\" \"${PODS_ROOT}/Manifest.lock\" > /dev/null\nif [ $? != 0 ] ; then\n    # print error to STDERR\n    echo \"error: The sandbox is not in sync with the Podfile.lock. Run 'pod install' or update your CocoaPods installation.\" >&2\n    exit 1\nfi\n# This output is used by Xcode 'outputs' to avoid re-running this script phase.\necho \"SUCCESS\" > \"${SCRIPT_OUTPUT_FILE_0}\"\n";
			showEnvVarsInLog = 0;
		};
		9DAF7C9D12D419F610B3AADA /* [CP] Copy Pods Resources */ = {
			isa = PBXShellScriptBuildPhase;
			buildActionMask = 2147483647;
			files = (
			);
			inputFileListPaths = (
				"${PODS_ROOT}/Target Support Files/Pods-Maps-MapsUITests/Pods-Maps-MapsUITests-resources-${CONFIGURATION}-input-files.xcfilelist",
			);
			name = "[CP] Copy Pods Resources";
			outputFileListPaths = (
				"${PODS_ROOT}/Target Support Files/Pods-Maps-MapsUITests/Pods-Maps-MapsUITests-resources-${CONFIGURATION}-output-files.xcfilelist",
			);
			runOnlyForDeploymentPostprocessing = 0;
			shellPath = /bin/sh;
			shellScript = "\"${PODS_ROOT}/Target Support Files/Pods-Maps-MapsUITests/Pods-Maps-MapsUITests-resources.sh\"\n";
			showEnvVarsInLog = 0;
		};
		F4DCC51CCCFAB6F672B09BC5 /* [CP] Copy Pods Resources */ = {
			isa = PBXShellScriptBuildPhase;
			buildActionMask = 2147483647;
			files = (
			);
			inputFileListPaths = (
				"${PODS_ROOT}/Target Support Files/Pods-Maps/Pods-Maps-resources-${CONFIGURATION}-input-files.xcfilelist",
			);
			name = "[CP] Copy Pods Resources";
			outputFileListPaths = (
				"${PODS_ROOT}/Target Support Files/Pods-Maps/Pods-Maps-resources-${CONFIGURATION}-output-files.xcfilelist",
			);
			runOnlyForDeploymentPostprocessing = 0;
			shellPath = /bin/sh;
			shellScript = "\"${PODS_ROOT}/Target Support Files/Pods-Maps/Pods-Maps-resources.sh\"\n";
			showEnvVarsInLog = 0;
		};
/* End PBXShellScriptBuildPhase section */

/* Begin PBXSourcesBuildPhase section */
		CE35483323D0E9DE00FBA4E7 /* Sources */ = {
			isa = PBXSourcesBuildPhase;
			buildActionMask = 2147483647;
			files = (
				CE35483F23D0E9DE00FBA4E7 /* ViewController.swift in Sources */,
				CE35483B23D0E9DE00FBA4E7 /* AppDelegate.swift in Sources */,
				CE35483D23D0E9DE00FBA4E7 /* SceneDelegate.swift in Sources */,
			);
			runOnlyForDeploymentPostprocessing = 0;
		};
		CE35484923D0E9DF00FBA4E7 /* Sources */ = {
			isa = PBXSourcesBuildPhase;
			buildActionMask = 2147483647;
			files = (
				CE35485223D0E9DF00FBA4E7 /* MapsTests.swift in Sources */,
			);
			runOnlyForDeploymentPostprocessing = 0;
		};
		CE35485423D0E9DF00FBA4E7 /* Sources */ = {
			isa = PBXSourcesBuildPhase;
			buildActionMask = 2147483647;
			files = (
				CE35485D23D0E9DF00FBA4E7 /* MapsUITests.swift in Sources */,
			);
			runOnlyForDeploymentPostprocessing = 0;
		};
/* End PBXSourcesBuildPhase section */

/* Begin PBXTargetDependency section */
		CE35484F23D0E9DF00FBA4E7 /* PBXTargetDependency */ = {
			isa = PBXTargetDependency;
			target = CE35483623D0E9DE00FBA4E7 /* Maps */;
			targetProxy = CE35484E23D0E9DF00FBA4E7 /* PBXContainerItemProxy */;
		};
		CE35485A23D0E9DF00FBA4E7 /* PBXTargetDependency */ = {
			isa = PBXTargetDependency;
			target = CE35483623D0E9DE00FBA4E7 /* Maps */;
			targetProxy = CE35485923D0E9DF00FBA4E7 /* PBXContainerItemProxy */;
		};
/* End PBXTargetDependency section */

/* Begin PBXVariantGroup section */
		CE35484023D0E9DE00FBA4E7 /* Main.storyboard */ = {
			isa = PBXVariantGroup;
			children = (
				CE35484123D0E9DE00FBA4E7 /* Base */,
			);
			name = Main.storyboard;
			sourceTree = "<group>";
		};
		CE35484523D0E9DF00FBA4E7 /* LaunchScreen.storyboard */ = {
			isa = PBXVariantGroup;
			children = (
				CE35484623D0E9DF00FBA4E7 /* Base */,
			);
			name = LaunchScreen.storyboard;
			sourceTree = "<group>";
		};
/* End PBXVariantGroup section */

/* Begin XCBuildConfiguration section */
		CE35485F23D0E9DF00FBA4E7 /* Debug */ = {
			isa = XCBuildConfiguration;
			buildSettings = {
				ALWAYS_SEARCH_USER_PATHS = NO;
				CLANG_ANALYZER_NONNULL = YES;
				CLANG_ANALYZER_NUMBER_OBJECT_CONVERSION = YES_AGGRESSIVE;
				CLANG_CXX_LANGUAGE_STANDARD = "gnu++14";
				CLANG_CXX_LIBRARY = "libc++";
				CLANG_ENABLE_MODULES = YES;
				CLANG_ENABLE_OBJC_ARC = YES;
				CLANG_ENABLE_OBJC_WEAK = YES;
				CLANG_WARN_BLOCK_CAPTURE_AUTORELEASING = YES;
				CLANG_WARN_BOOL_CONVERSION = YES;
				CLANG_WARN_COMMA = YES;
				CLANG_WARN_CONSTANT_CONVERSION = YES;
				CLANG_WARN_DEPRECATED_OBJC_IMPLEMENTATIONS = YES;
				CLANG_WARN_DIRECT_OBJC_ISA_USAGE = YES_ERROR;
				CLANG_WARN_DOCUMENTATION_COMMENTS = YES;
				CLANG_WARN_EMPTY_BODY = YES;
				CLANG_WARN_ENUM_CONVERSION = YES;
				CLANG_WARN_INFINITE_RECURSION = YES;
				CLANG_WARN_INT_CONVERSION = YES;
				CLANG_WARN_NON_LITERAL_NULL_CONVERSION = YES;
				CLANG_WARN_OBJC_IMPLICIT_RETAIN_SELF = YES;
				CLANG_WARN_OBJC_LITERAL_CONVERSION = YES;
				CLANG_WARN_OBJC_ROOT_CLASS = YES_ERROR;
				CLANG_WARN_RANGE_LOOP_ANALYSIS = YES;
				CLANG_WARN_STRICT_PROTOTYPES = YES;
				CLANG_WARN_SUSPICIOUS_MOVE = YES;
				CLANG_WARN_UNGUARDED_AVAILABILITY = YES_AGGRESSIVE;
				CLANG_WARN_UNREACHABLE_CODE = YES;
				CLANG_WARN__DUPLICATE_METHOD_MATCH = YES;
				COPY_PHASE_STRIP = NO;
				DEBUG_INFORMATION_FORMAT = dwarf;
				ENABLE_STRICT_OBJC_MSGSEND = YES;
				ENABLE_TESTABILITY = YES;
				GCC_C_LANGUAGE_STANDARD = gnu11;
				GCC_DYNAMIC_NO_PIC = NO;
				GCC_NO_COMMON_BLOCKS = YES;
				GCC_OPTIMIZATION_LEVEL = 0;
				GCC_PREPROCESSOR_DEFINITIONS = (
					"DEBUG=1",
					"$(inherited)",
				);
				GCC_WARN_64_TO_32_BIT_CONVERSION = YES;
				GCC_WARN_ABOUT_RETURN_TYPE = YES_ERROR;
				GCC_WARN_UNDECLARED_SELECTOR = YES;
				GCC_WARN_UNINITIALIZED_AUTOS = YES_AGGRESSIVE;
				GCC_WARN_UNUSED_FUNCTION = YES;
				GCC_WARN_UNUSED_VARIABLE = YES;
				IPHONEOS_DEPLOYMENT_TARGET = 13.2;
				MTL_ENABLE_DEBUG_INFO = INCLUDE_SOURCE;
				MTL_FAST_MATH = YES;
				ONLY_ACTIVE_ARCH = YES;
				SDKROOT = iphoneos;
				SWIFT_ACTIVE_COMPILATION_CONDITIONS = DEBUG;
				SWIFT_OPTIMIZATION_LEVEL = "-Onone";
			};
			name = Debug;
		};
		CE35486023D0E9DF00FBA4E7 /* Release */ = {
			isa = XCBuildConfiguration;
			buildSettings = {
				ALWAYS_SEARCH_USER_PATHS = NO;
				CLANG_ANALYZER_NONNULL = YES;
				CLANG_ANALYZER_NUMBER_OBJECT_CONVERSION = YES_AGGRESSIVE;
				CLANG_CXX_LANGUAGE_STANDARD = "gnu++14";
				CLANG_CXX_LIBRARY = "libc++";
				CLANG_ENABLE_MODULES = YES;
				CLANG_ENABLE_OBJC_ARC = YES;
				CLANG_ENABLE_OBJC_WEAK = YES;
				CLANG_WARN_BLOCK_CAPTURE_AUTORELEASING = YES;
				CLANG_WARN_BOOL_CONVERSION = YES;
				CLANG_WARN_COMMA = YES;
				CLANG_WARN_CONSTANT_CONVERSION = YES;
				CLANG_WARN_DEPRECATED_OBJC_IMPLEMENTATIONS = YES;
				CLANG_WARN_DIRECT_OBJC_ISA_USAGE = YES_ERROR;
				CLANG_WARN_DOCUMENTATION_COMMENTS = YES;
				CLANG_WARN_EMPTY_BODY = YES;
				CLANG_WARN_ENUM_CONVERSION = YES;
				CLANG_WARN_INFINITE_RECURSION = YES;
				CLANG_WARN_INT_CONVERSION = YES;
				CLANG_WARN_NON_LITERAL_NULL_CONVERSION = YES;
				CLANG_WARN_OBJC_IMPLICIT_RETAIN_SELF = YES;
				CLANG_WARN_OBJC_LITERAL_CONVERSION = YES;
				CLANG_WARN_OBJC_ROOT_CLASS = YES_ERROR;
				CLANG_WARN_RANGE_LOOP_ANALYSIS = YES;
				CLANG_WARN_STRICT_PROTOTYPES = YES;
				CLANG_WARN_SUSPICIOUS_MOVE = YES;
				CLANG_WARN_UNGUARDED_AVAILABILITY = YES_AGGRESSIVE;
				CLANG_WARN_UNREACHABLE_CODE = YES;
				CLANG_WARN__DUPLICATE_METHOD_MATCH = YES;
				COPY_PHASE_STRIP = NO;
				DEBUG_INFORMATION_FORMAT = "dwarf-with-dsym";
				ENABLE_NS_ASSERTIONS = NO;
				ENABLE_STRICT_OBJC_MSGSEND = YES;
				GCC_C_LANGUAGE_STANDARD = gnu11;
				GCC_NO_COMMON_BLOCKS = YES;
				GCC_WARN_64_TO_32_BIT_CONVERSION = YES;
				GCC_WARN_ABOUT_RETURN_TYPE = YES_ERROR;
				GCC_WARN_UNDECLARED_SELECTOR = YES;
				GCC_WARN_UNINITIALIZED_AUTOS = YES_AGGRESSIVE;
				GCC_WARN_UNUSED_FUNCTION = YES;
				GCC_WARN_UNUSED_VARIABLE = YES;
				IPHONEOS_DEPLOYMENT_TARGET = 13.2;
				MTL_ENABLE_DEBUG_INFO = NO;
				MTL_FAST_MATH = YES;
				SDKROOT = iphoneos;
				SWIFT_COMPILATION_MODE = wholemodule;
				SWIFT_OPTIMIZATION_LEVEL = "-O";
				VALIDATE_PRODUCT = YES;
			};
			name = Release;
		};
		CE35486223D0E9DF00FBA4E7 /* Debug */ = {
			isa = XCBuildConfiguration;
			baseConfigurationReference = 166A33084AAAB9124B191512 /* Pods-Maps.debug.xcconfig */;
			buildSettings = {
				ASSETCATALOG_COMPILER_APPICON_NAME = AppIcon;
				CODE_SIGN_STYLE = Automatic;
				INFOPLIST_FILE = Maps/Info.plist;
				LD_RUNPATH_SEARCH_PATHS = (
					"$(inherited)",
					"@executable_path/Frameworks",
				);
				PRODUCT_BUNDLE_IDENTIFIER = "sergio-mc.Maps";
				PRODUCT_NAME = "$(TARGET_NAME)";
				SWIFT_VERSION = 5.0;
				TARGETED_DEVICE_FAMILY = "1,2";
			};
			name = Debug;
		};
		CE35486323D0E9DF00FBA4E7 /* Release */ = {
			isa = XCBuildConfiguration;
			baseConfigurationReference = A01B7A8903DDA34FC0F4C4D0 /* Pods-Maps.release.xcconfig */;
			buildSettings = {
				ASSETCATALOG_COMPILER_APPICON_NAME = AppIcon;
				CODE_SIGN_STYLE = Automatic;
				INFOPLIST_FILE = Maps/Info.plist;
				LD_RUNPATH_SEARCH_PATHS = (
					"$(inherited)",
					"@executable_path/Frameworks",
				);
				PRODUCT_BUNDLE_IDENTIFIER = "sergio-mc.Maps";
				PRODUCT_NAME = "$(TARGET_NAME)";
				SWIFT_VERSION = 5.0;
				TARGETED_DEVICE_FAMILY = "1,2";
			};
			name = Release;
		};
		CE35486523D0E9DF00FBA4E7 /* Debug */ = {
			isa = XCBuildConfiguration;
			baseConfigurationReference = 0CFE98D55E8677394856D6D0 /* Pods-MapsTests.debug.xcconfig */;
			buildSettings = {
				ALWAYS_EMBED_SWIFT_STANDARD_LIBRARIES = YES;
				BUNDLE_LOADER = "$(TEST_HOST)";
				CODE_SIGN_STYLE = Automatic;
				INFOPLIST_FILE = MapsTests/Info.plist;
				IPHONEOS_DEPLOYMENT_TARGET = 13.2;
				LD_RUNPATH_SEARCH_PATHS = (
					"$(inherited)",
					"@executable_path/Frameworks",
					"@loader_path/Frameworks",
				);
				PRODUCT_BUNDLE_IDENTIFIER = "sergio-mc.MapsTests";
				PRODUCT_NAME = "$(TARGET_NAME)";
				SWIFT_VERSION = 5.0;
				TARGETED_DEVICE_FAMILY = "1,2";
				TEST_HOST = "$(BUILT_PRODUCTS_DIR)/Maps.app/Maps";
			};
			name = Debug;
		};
		CE35486623D0E9DF00FBA4E7 /* Release */ = {
			isa = XCBuildConfiguration;
			baseConfigurationReference = 4064B2CFB5133C5B09502AD2 /* Pods-MapsTests.release.xcconfig */;
			buildSettings = {
				ALWAYS_EMBED_SWIFT_STANDARD_LIBRARIES = YES;
				BUNDLE_LOADER = "$(TEST_HOST)";
				CODE_SIGN_STYLE = Automatic;
				INFOPLIST_FILE = MapsTests/Info.plist;
				IPHONEOS_DEPLOYMENT_TARGET = 13.2;
				LD_RUNPATH_SEARCH_PATHS = (
					"$(inherited)",
					"@executable_path/Frameworks",
					"@loader_path/Frameworks",
				);
				PRODUCT_BUNDLE_IDENTIFIER = "sergio-mc.MapsTests";
				PRODUCT_NAME = "$(TARGET_NAME)";
				SWIFT_VERSION = 5.0;
				TARGETED_DEVICE_FAMILY = "1,2";
				TEST_HOST = "$(BUILT_PRODUCTS_DIR)/Maps.app/Maps";
			};
			name = Release;
		};
		CE35486823D0E9DF00FBA4E7 /* Debug */ = {
			isa = XCBuildConfiguration;
			baseConfigurationReference = CF5B21DFF1DB836DFEF53F6F /* Pods-Maps-MapsUITests.debug.xcconfig */;
			buildSettings = {
				ALWAYS_EMBED_SWIFT_STANDARD_LIBRARIES = YES;
				CODE_SIGN_STYLE = Automatic;
				INFOPLIST_FILE = MapsUITests/Info.plist;
				LD_RUNPATH_SEARCH_PATHS = (
					"$(inherited)",
					"@executable_path/Frameworks",
					"@loader_path/Frameworks",
				);
				PRODUCT_BUNDLE_IDENTIFIER = "sergio-mc.MapsUITests";
				PRODUCT_NAME = "$(TARGET_NAME)";
				SWIFT_VERSION = 5.0;
				TARGETED_DEVICE_FAMILY = "1,2";
				TEST_TARGET_NAME = Maps;
			};
			name = Debug;
		};
		CE35486923D0E9DF00FBA4E7 /* Release */ = {
			isa = XCBuildConfiguration;
			baseConfigurationReference = 68F15D367BED7DFACEA6C430 /* Pods-Maps-MapsUITests.release.xcconfig */;
			buildSettings = {
				ALWAYS_EMBED_SWIFT_STANDARD_LIBRARIES = YES;
				CODE_SIGN_STYLE = Automatic;
				INFOPLIST_FILE = MapsUITests/Info.plist;
				LD_RUNPATH_SEARCH_PATHS = (
					"$(inherited)",
					"@executable_path/Frameworks",
					"@loader_path/Frameworks",
				);
				PRODUCT_BUNDLE_IDENTIFIER = "sergio-mc.MapsUITests";
				PRODUCT_NAME = "$(TARGET_NAME)";
				SWIFT_VERSION = 5.0;
				TARGETED_DEVICE_FAMILY = "1,2";
				TEST_TARGET_NAME = Maps;
			};
			name = Release;
		};
/* End XCBuildConfiguration section */

/* Begin XCConfigurationList section */
		CE35483223D0E9DE00FBA4E7 /* Build configuration list for PBXProject "Maps" */ = {
			isa = XCConfigurationList;
			buildConfigurations = (
				CE35485F23D0E9DF00FBA4E7 /* Debug */,
				CE35486023D0E9DF00FBA4E7 /* Release */,
			);
			defaultConfigurationIsVisible = 0;
			defaultConfigurationName = Release;
		};
		CE35486123D0E9DF00FBA4E7 /* Build configuration list for PBXNativeTarget "Maps" */ = {
			isa = XCConfigurationList;
			buildConfigurations = (
				CE35486223D0E9DF00FBA4E7 /* Debug */,
				CE35486323D0E9DF00FBA4E7 /* Release */,
			);
			defaultConfigurationIsVisible = 0;
			defaultConfigurationName = Release;
		};
		CE35486423D0E9DF00FBA4E7 /* Build configuration list for PBXNativeTarget "MapsTests" */ = {
			isa = XCConfigurationList;
			buildConfigurations = (
				CE35486523D0E9DF00FBA4E7 /* Debug */,
				CE35486623D0E9DF00FBA4E7 /* Release */,
			);
			defaultConfigurationIsVisible = 0;
			defaultConfigurationName = Release;
		};
		CE35486723D0E9DF00FBA4E7 /* Build configuration list for PBXNativeTarget "MapsUITests" */ = {
			isa = XCConfigurationList;
			buildConfigurations = (
				CE35486823D0E9DF00FBA4E7 /* Debug */,
				CE35486923D0E9DF00FBA4E7 /* Release */,
			);
			defaultConfigurationIsVisible = 0;
			defaultConfigurationName = Release;
		};
/* End XCConfigurationList section */
	};
	rootObject = CE35482F23D0E9DE00FBA4E7 /* Project object */;
}
